# This file is automatically @generated by Cargo.
# It is not intended for manual editing.
version = 4

[[package]]
name = "app"
version = "0.1.0"
dependencies = [
 "player",
 "storage",
 "sudoku",
]

[[package]]
name = "generator"
version = "0.1.0"
dependencies = [
 "storage",
 "sudoku",
]

[[package]]
name = "player"
version = "0.1.0"

[[package]]
name = "storage"
version = "0.1.0"
dependencies = [
 "player",
]

[[package]]
name = "sudoku"
version = "0.1.0"
